
Microsoft Visual Studio Solution File, Format Version 12.00
# Visual Studio Version 16
VisualStudioVersion = 16.0.31229.75
MinimumVisualStudioVersion = 10.0.40219.1
Project("{FAE04EC0-301F-11D3-BF4B-00C04F79EFBC}") = "Lab6", "Lab6.csproj", "{44B699B9-0C81-45B3-9718-3FEB3AD0B586}"
EndProject
Global
	GlobalSection(SolutionConfigurationPlatforms) = preSolution
		Debug|Any CPU = Debug|Any CPU
		Release|Any CPU = Release|Any CPU
	EndGlobalSection
	GlobalSection(ProjectConfigurationPlatforms) = postSolution
		{44B699B9-0C81-45B3-9718-3FEB3AD0B586}.Debug|Any CPU.ActiveCfg = Debug|Any CPU
		{44B699B9-0C81-45B3-9718-3FEB3AD0B586}.Debug|Any CPU.Build.0 = Debug|Any CPU
		{44B699B9-0C81-45B3-9718-3FEB3AD0B586}.Release|Any CPU.ActiveCfg = Release|Any CPU
		{44B699B9-0C81-45B3-9718-3FEB3AD0B586}.Release|Any CPU.Build.0 = Release|Any CPU
	EndGlobalSection
	GlobalSection(SolutionProperties) = preSolution
		HideSolutionNode = FALSE
	EndGlobalSection
	GlobalSection(ExtensibilityGlobals) = postSolution
		SolutionGuid = {E8E93674-CFB5-4C52-AC0A-B58187B9649F}
	EndGlobalSection
EndGlobal
